
Microsoft Visual Studio Solution File, Format Version 12.00
# Visual Studio 2012
Project("{FAE04EC0-301F-11D3-BF4B-00C04F79EFBC}") = "RemotePlayerServer", "RemotePlayerServer\RemotePlayerServer.csproj", "{06FD8425-E790-4894-AEC8-DC8766663B19}"
EndProject
Global
	GlobalSection(SolutionConfigurationPlatforms) = preSolution
		Debug|Any CPU = Debug|Any CPU
		Release|Any CPU = Release|Any CPU
	EndGlobalSection
	GlobalSection(ProjectConfigurationPlatforms) = postSolution
		{06FD8425-E790-4894-AEC8-DC8766663B19}.Debug|Any CPU.ActiveCfg = Debug|Any CPU
		{06FD8425-E790-4894-AEC8-DC8766663B19}.Debug|Any CPU.Build.0 = Debug|Any CPU
		{06FD8425-E790-4894-AEC8-DC8766663B19}.Release|Any CPU.ActiveCfg = Release|Any CPU
		{06FD8425-E790-4894-AEC8-DC8766663B19}.Release|Any CPU.Build.0 = Release|Any CPU
	EndGlobalSection
	GlobalSection(SolutionProperties) = preSolution
		HideSolutionNode = FALSE
	EndGlobalSection
EndGlobal
